
Microsoft Visual Studio Solution File, Format Version 12.00
# Visual Studio 15
VisualStudioVersion = 15.0.27004.2010
MinimumVisualStudioVersion = 10.0.40219.1
Project("{FAE04EC0-301F-11D3-BF4B-00C04F79EFBC}") = "GoComics", "GoComics\GoComics.csproj", "{B8C0C804-0F74-4E18-B0EC-431798A016F6}"
EndProject
Global
	GlobalSection(SolutionConfigurationPlatforms) = preSolution
		Debug|Any CPU = Debug|Any CPU
		Release|Any CPU = Release|Any CPU
	EndGlobalSection
	GlobalSection(ProjectConfigurationPlatforms) = postSolution
		{B8C0C804-0F74-4E18-B0EC-431798A016F6}.Debug|Any CPU.ActiveCfg = Debug|Any CPU
		{B8C0C804-0F74-4E18-B0EC-431798A016F6}.Debug|Any CPU.Build.0 = Debug|Any CPU
		{B8C0C804-0F74-4E18-B0EC-431798A016F6}.Release|Any CPU.ActiveCfg = Release|Any CPU
		{B8C0C804-0F74-4E18-B0EC-431798A016F6}.Release|Any CPU.Build.0 = Release|Any CPU
	EndGlobalSection
	GlobalSection(SolutionProperties) = preSolution
		HideSolutionNode = FALSE
	EndGlobalSection
	GlobalSection(ExtensibilityGlobals) = postSolution
		SolutionGuid = {294D5E71-7D7B-45F6-BB91-A4DE64F73E06}
	EndGlobalSection
EndGlobal
